
Microsoft Visual Studio Solution File, Format Version 12.00
# Visual Studio Version 17
VisualStudioVersion = 17.0.32126.317
MinimumVisualStudioVersion = 10.0.40219.1
Project("{FAE04EC0-301F-11D3-BF4B-00C04F79EFBC}") = "1-PrimeiroPrograma", "1-PrimeiroPrograma\1-PrimeiroPrograma.csproj", "{51B436D4-7CE0-4155-B77B-7E4323423BC2}"
EndProject
Project("{FAE04EC0-301F-11D3-BF4B-00C04F79EFBC}") = "2-CriandoVariaveis", "2-CriandoVariaveis\2-CriandoVariaveis.csproj", "{481F64C0-90E1-46EF-8734-86821C88BD53}"
EndProject
Project("{FAE04EC0-301F-11D3-BF4B-00C04F79EFBC}") = "3-CriandoVariaveisPontoFlutuante", "3-CriandoVariaveisPontoFlutuante\3-CriandoVariaveisPontoFlutuante.csproj", "{99A7D23B-0F54-4D19-BDFB-212EFD5B5040}"
EndProject
Project("{FAE04EC0-301F-11D3-BF4B-00C04F79EFBC}") = "4-ConversoesEOutrosTiposNumericos", "4-ConversoesEOutrosTiposNumericos\4-ConversoesEOutrosTiposNumericos.csproj", "{D6355DF0-0FD2-4C75-B1F9-83861625C5F0}"
EndProject
Project("{FAE04EC0-301F-11D3-BF4B-00C04F79EFBC}") = "5-CaractereseTextos", "5-CaractereseTextos\5-CaractereseTextos.csproj", "{6842AC5C-60AD-4D0E-9CB2-A2C3DC013A23}"
EndProject
Project("{FAE04EC0-301F-11D3-BF4B-00C04F79EFBC}") = "6-AtribuicoesDeVariaveis", "6-AtribuicoesDeVariaveis\6-AtribuicoesDeVariaveis.csproj", "{3D43DD76-D38F-4724-B81B-05A49563C06B}"
EndProject
Project("{FAE04EC0-301F-11D3-BF4B-00C04F79EFBC}") = "6-TesteConcatenacao", "6-TesteConcatenacao\6-TesteConcatenacao.csproj", "{7C4EED94-35DE-4AB4-B60D-15E336E285D2}"
EndProject
Project("{FAE04EC0-301F-11D3-BF4B-00C04F79EFBC}") = "7-Condicionais", "7-Condicionais\7-Condicionais.csproj", "{6BB14B16-8505-4CBF-A893-B4DFBCFE057E}"
EndProject
Project("{FAE04EC0-301F-11D3-BF4B-00C04F79EFBC}") = "8-Escopo", "8-Escopo\8-Escopo.csproj", "{1E3A7760-6852-44F3-B8E9-6E734EF6B897}"
EndProject
Project("{FAE04EC0-301F-11D3-BF4B-00C04F79EFBC}") = "8-EscopoTeste", "8-EscopoTeste\8-EscopoTeste.csproj", "{3F774CE3-A19D-4CF8-8245-9224EB0451FD}"
EndProject
Project("{FAE04EC0-301F-11D3-BF4B-00C04F79EFBC}") = "8-DesafioImpostoDeRenda", "8-DesafioImpostoDeRenda\8-DesafioImpostoDeRenda.csproj", "{685566AB-DAC8-4A9E-959A-21A9BDB729AD}"
EndProject
Project("{FAE04EC0-301F-11D3-BF4B-00C04F79EFBC}") = "8-EscopoSwitch", "8-EscopoSwitch\8-EscopoSwitch.csproj", "{8E6C6AB1-F4DA-424B-84E3-88F432B074D9}"
EndProject
Project("{FAE04EC0-301F-11D3-BF4B-00C04F79EFBC}") = "9-CalculandoPoupanca", "P10-CalculandoPoupanca\9-CalculandoPoupanca.csproj", "{017542EB-28BE-4536-B37B-8026FAE3438A}"
EndProject
Project("{FAE04EC0-301F-11D3-BF4B-00C04F79EFBC}") = "P10-CalculandoInvestimento", "P10-CalculandoInvestimento\P10-CalculandoInvestimento.csproj", "{6C4C33D3-5D36-4246-83A0-18B685487D9C}"
EndProject
Project("{FAE04EC0-301F-11D3-BF4B-00C04F79EFBC}") = "P10-Desafio", "P10-Desafio\P10-Desafio.csproj", "{F88E7C26-6949-4CA0-AA0C-92DCE9BA399D}"
EndProject
Project("{FAE04EC0-301F-11D3-BF4B-00C04F79EFBC}") = "P11-ForEncadeado", "P11-ForEncadeado\P11-ForEncadeado.csproj", "{82D5130D-DD83-49AA-B7C1-211FAD37066D}"
EndProject
Project("{FAE04EC0-301F-11D3-BF4B-00C04F79EFBC}") = "P12-TabuadaDeMultiplicacao", "P12-TabuadaSoma\P12-TabuadaDeMultiplicacao.csproj", "{1BA91657-0741-4AD7-85A4-D320FCC3C1EA}"
EndProject
Project("{FAE04EC0-301F-11D3-BF4B-00C04F79EFBC}") = "P13-MultiplosDeX", "P13-MultiplosDeX\P13-MultiplosDeX.csproj", "{E737B846-5EC3-4809-BAE1-FBBCD743A34D}"
EndProject
Project("{FAE04EC0-301F-11D3-BF4B-00C04F79EFBC}") = "P14-Fatorial", "P14-Fatorial\P14-Fatorial.csproj", "{6C3DEB7A-87F0-4BFF-9A1D-1CDBF9124B2A}"
EndProject
Project("{2150E333-8FDC-42A3-9474-1A3956D46DE8}") = "CSharp-Parte-1", "CSharp-Parte-1", "{A0075059-5496-45ED-9076-6BFF5B8BA53B}"
EndProject
Project("{2150E333-8FDC-42A3-9474-1A3956D46DE8}") = "CSharp-Parte-2", "CSharp-Parte-2", "{D157E887-B69A-4CCA-8E61-ECBD4B5E34E7}"
EndProject
Project("{FAE04EC0-301F-11D3-BF4B-00C04F79EFBC}") = "1-ByteBank", "1-ByteBank\1-ByteBank.csproj", "{C54DD7F0-09C5-4A8B-AF45-DB5DBACB1747}"
EndProject
Project("{FAE04EC0-301F-11D3-BF4B-00C04F79EFBC}") = "2-ByteBank", "2-ByteBank\2-ByteBank.csproj", "{DB149790-3BDB-4447-8A42-A4CDF5AD108B}"
EndProject
Project("{FAE04EC0-301F-11D3-BF4B-00C04F79EFBC}") = "3-ByteBank", "3-ByteBank\3-ByteBank.csproj", "{22E05BEA-1C1E-4A9A-A761-D64E599D160F}"
EndProject
Project("{FAE04EC0-301F-11D3-BF4B-00C04F79EFBC}") = "4-ByteBank", "4-ByteBank\4-ByteBank.csproj", "{D1793A77-B965-4816-A690-B021642FD258}"
EndProject
Project("{FAE04EC0-301F-11D3-BF4B-00C04F79EFBC}") = "5-ByteBank", "5-ByteBank\5-ByteBank.csproj", "{D08CF54A-C426-49F5-B3E1-14C67EC54345}"
EndProject
Project("{FAE04EC0-301F-11D3-BF4B-00C04F79EFBC}") = "6-ByteBank", "6-ByteBank\6-ByteBank.csproj", "{43D0BE89-62FB-4072-BDC8-075029A4C414}"
EndProject
Project("{FAE04EC0-301F-11D3-BF4B-00C04F79EFBC}") = "7-ByteBank", "7-ByteBank\7-ByteBank.csproj", "{6A5EA23F-9297-475F-980A-1B96FDC0F1DA}"
EndProject
Project("{2150E333-8FDC-42A3-9474-1A3956D46DE8}") = "CSharp-Parte-3", "CSharp-Parte-3", "{CC6B4C63-AB7C-4270-A1B1-38AB89CDE7A9}"
EndProject
Project("{FAE04EC0-301F-11D3-BF4B-00C04F79EFBC}") = "ByteBank", "ByteBank\ByteBank.csproj", "{CAD69AB7-27AD-4457-9571-41CF3EEE1428}"
EndProject
Project("{FAE04EC0-301F-11D3-BF4B-00C04F79EFBC}") = "TestesExercicios", "TestesExercicios\TestesExercicios.csproj", "{21FD3FA7-26D2-4A4A-850E-BBEB23BFF154}"
EndProject
Project("{2150E333-8FDC-42A3-9474-1A3956D46DE8}") = "CSharp-Parte-4", "CSharp-Parte-4", "{428DBB94-DF79-4844-B046-448DB552F34D}"
EndProject
Project("{FAE04EC0-301F-11D3-BF4B-00C04F79EFBC}") = "ByteBank_4", "ByteBank_4\ByteBank_4.csproj", "{05CD1B99-E886-414E-8D2D-D267F53E0656}"
EndProject
Project("{FAE04EC0-301F-11D3-BF4B-00C04F79EFBC}") = "Teste", "Teste\Teste.csproj", "{C7D5E7CB-33CD-4228-A9DA-C83397175DB8}"
EndProject
Global
	GlobalSection(SolutionConfigurationPlatforms) = preSolution
		Debug|Any CPU = Debug|Any CPU
		Release|Any CPU = Release|Any CPU
	EndGlobalSection
	GlobalSection(ProjectConfigurationPlatforms) = postSolution
		{51B436D4-7CE0-4155-B77B-7E4323423BC2}.Debug|Any CPU.ActiveCfg = Debug|Any CPU
		{51B436D4-7CE0-4155-B77B-7E4323423BC2}.Debug|Any CPU.Build.0 = Debug|Any CPU
		{51B436D4-7CE0-4155-B77B-7E4323423BC2}.Release|Any CPU.ActiveCfg = Release|Any CPU
		{51B436D4-7CE0-4155-B77B-7E4323423BC2}.Release|Any CPU.Build.0 = Release|Any CPU
		{481F64C0-90E1-46EF-8734-86821C88BD53}.Debug|Any CPU.ActiveCfg = Debug|Any CPU
		{481F64C0-90E1-46EF-8734-86821C88BD53}.Debug|Any CPU.Build.0 = Debug|Any CPU
		{481F64C0-90E1-46EF-8734-86821C88BD53}.Release|Any CPU.ActiveCfg = Release|Any CPU
		{481F64C0-90E1-46EF-8734-86821C88BD53}.Release|Any CPU.Build.0 = Release|Any CPU
		{99A7D23B-0F54-4D19-BDFB-212EFD5B5040}.Debug|Any CPU.ActiveCfg = Debug|Any CPU
		{99A7D23B-0F54-4D19-BDFB-212EFD5B5040}.Debug|Any CPU.Build.0 = Debug|Any CPU
		{99A7D23B-0F54-4D19-BDFB-212EFD5B5040}.Release|Any CPU.ActiveCfg = Release|Any CPU
		{99A7D23B-0F54-4D19-BDFB-212EFD5B5040}.Release|Any CPU.Build.0 = Release|Any CPU
		{D6355DF0-0FD2-4C75-B1F9-83861625C5F0}.Debug|Any CPU.ActiveCfg = Debug|Any CPU
		{D6355DF0-0FD2-4C75-B1F9-83861625C5F0}.Debug|Any CPU.Build.0 = Debug|Any CPU
		{D6355DF0-0FD2-4C75-B1F9-83861625C5F0}.Release|Any CPU.ActiveCfg = Release|Any CPU
		{D6355DF0-0FD2-4C75-B1F9-83861625C5F0}.Release|Any CPU.Build.0 = Release|Any CPU
		{6842AC5C-60AD-4D0E-9CB2-A2C3DC013A23}.Debug|Any CPU.ActiveCfg = Debug|Any CPU
		{6842AC5C-60AD-4D0E-9CB2-A2C3DC013A23}.Debug|Any CPU.Build.0 = Debug|Any CPU
		{6842AC5C-60AD-4D0E-9CB2-A2C3DC013A23}.Release|Any CPU.ActiveCfg = Release|Any CPU
		{6842AC5C-60AD-4D0E-9CB2-A2C3DC013A23}.Release|Any CPU.Build.0 = Release|Any CPU
		{3D43DD76-D38F-4724-B81B-05A49563C06B}.Debug|Any CPU.ActiveCfg = Debug|Any CPU
		{3D43DD76-D38F-4724-B81B-05A49563C06B}.Debug|Any CPU.Build.0 = Debug|Any CPU
		{3D43DD76-D38F-4724-B81B-05A49563C06B}.Release|Any CPU.ActiveCfg = Release|Any CPU
		{3D43DD76-D38F-4724-B81B-05A49563C06B}.Release|Any CPU.Build.0 = Release|Any CPU
		{7C4EED94-35DE-4AB4-B60D-15E336E285D2}.Debug|Any CPU.ActiveCfg = Debug|Any CPU
		{7C4EED94-35DE-4AB4-B60D-15E336E285D2}.Debug|Any CPU.Build.0 = Debug|Any CPU
		{7C4EED94-35DE-4AB4-B60D-15E336E285D2}.Release|Any CPU.ActiveCfg = Release|Any CPU
		{7C4EED94-35DE-4AB4-B60D-15E336E285D2}.Release|Any CPU.Build.0 = Release|Any CPU
		{6BB14B16-8505-4CBF-A893-B4DFBCFE057E}.Debug|Any CPU.ActiveCfg = Debug|Any CPU
		{6BB14B16-8505-4CBF-A893-B4DFBCFE057E}.Debug|Any CPU.Build.0 = Debug|Any CPU
		{6BB14B16-8505-4CBF-A893-B4DFBCFE057E}.Release|Any CPU.ActiveCfg = Release|Any CPU
		{6BB14B16-8505-4CBF-A893-B4DFBCFE057E}.Release|Any CPU.Build.0 = Release|Any CPU
		{1E3A7760-6852-44F3-B8E9-6E734EF6B897}.Debug|Any CPU.ActiveCfg = Debug|Any CPU
		{1E3A7760-6852-44F3-B8E9-6E734EF6B897}.Debug|Any CPU.Build.0 = Debug|Any CPU
		{1E3A7760-6852-44F3-B8E9-6E734EF6B897}.Release|Any CPU.ActiveCfg = Release|Any CPU
		{1E3A7760-6852-44F3-B8E9-6E734EF6B897}.Release|Any CPU.Build.0 = Release|Any CPU
		{3F774CE3-A19D-4CF8-8245-9224EB0451FD}.Debug|Any CPU.ActiveCfg = Debug|Any CPU
		{3F774CE3-A19D-4CF8-8245-9224EB0451FD}.Debug|Any CPU.Build.0 = Debug|Any CPU
		{3F774CE3-A19D-4CF8-8245-9224EB0451FD}.Release|Any CPU.ActiveCfg = Release|Any CPU
		{3F774CE3-A19D-4CF8-8245-9224EB0451FD}.Release|Any CPU.Build.0 = Release|Any CPU
		{685566AB-DAC8-4A9E-959A-21A9BDB729AD}.Debug|Any CPU.ActiveCfg = Debug|Any CPU
		{685566AB-DAC8-4A9E-959A-21A9BDB729AD}.Debug|Any CPU.Build.0 = Debug|Any CPU
		{685566AB-DAC8-4A9E-959A-21A9BDB729AD}.Release|Any CPU.ActiveCfg = Release|Any CPU
		{685566AB-DAC8-4A9E-959A-21A9BDB729AD}.Release|Any CPU.Build.0 = Release|Any CPU
		{8E6C6AB1-F4DA-424B-84E3-88F432B074D9}.Debug|Any CPU.ActiveCfg = Debug|Any CPU
		{8E6C6AB1-F4DA-424B-84E3-88F432B074D9}.Debug|Any CPU.Build.0 = Debug|Any CPU
		{8E6C6AB1-F4DA-424B-84E3-88F432B074D9}.Release|Any CPU.ActiveCfg = Release|Any CPU
		{8E6C6AB1-F4DA-424B-84E3-88F432B074D9}.Release|Any CPU.Build.0 = Release|Any CPU
		{017542EB-28BE-4536-B37B-8026FAE3438A}.Debug|Any CPU.ActiveCfg = Debug|Any CPU
		{017542EB-28BE-4536-B37B-8026FAE3438A}.Debug|Any CPU.Build.0 = Debug|Any CPU
		{017542EB-28BE-4536-B37B-8026FAE3438A}.Release|Any CPU.ActiveCfg = Release|Any CPU
		{017542EB-28BE-4536-B37B-8026FAE3438A}.Release|Any CPU.Build.0 = Release|Any CPU
		{6C4C33D3-5D36-4246-83A0-18B685487D9C}.Debug|Any CPU.ActiveCfg = Debug|Any CPU
		{6C4C33D3-5D36-4246-83A0-18B685487D9C}.Debug|Any CPU.Build.0 = Debug|Any CPU
		{6C4C33D3-5D36-4246-83A0-18B685487D9C}.Release|Any CPU.ActiveCfg = Release|Any CPU
		{6C4C33D3-5D36-4246-83A0-18B685487D9C}.Release|Any CPU.Build.0 = Release|Any CPU
		{F88E7C26-6949-4CA0-AA0C-92DCE9BA399D}.Debug|Any CPU.ActiveCfg = Debug|Any CPU
		{F88E7C26-6949-4CA0-AA0C-92DCE9BA399D}.Debug|Any CPU.Build.0 = Debug|Any CPU
		{F88E7C26-6949-4CA0-AA0C-92DCE9BA399D}.Release|Any CPU.ActiveCfg = Release|Any CPU
		{F88E7C26-6949-4CA0-AA0C-92DCE9BA399D}.Release|Any CPU.Build.0 = Release|Any CPU
		{82D5130D-DD83-49AA-B7C1-211FAD37066D}.Debug|Any CPU.ActiveCfg = Debug|Any CPU
		{82D5130D-DD83-49AA-B7C1-211FAD37066D}.Debug|Any CPU.Build.0 = Debug|Any CPU
		{82D5130D-DD83-49AA-B7C1-211FAD37066D}.Release|Any CPU.ActiveCfg = Release|Any CPU
		{82D5130D-DD83-49AA-B7C1-211FAD37066D}.Release|Any CPU.Build.0 = Release|Any CPU
		{1BA91657-0741-4AD7-85A4-D320FCC3C1EA}.Debug|Any CPU.ActiveCfg = Debug|Any CPU
		{1BA91657-0741-4AD7-85A4-D320FCC3C1EA}.Debug|Any CPU.Build.0 = Debug|Any CPU
		{1BA91657-0741-4AD7-85A4-D320FCC3C1EA}.Release|Any CPU.ActiveCfg = Release|Any CPU
		{1BA91657-0741-4AD7-85A4-D320FCC3C1EA}.Release|Any CPU.Build.0 = Release|Any CPU
		{E737B846-5EC3-4809-BAE1-FBBCD743A34D}.Debug|Any CPU.ActiveCfg = Debug|Any CPU
		{E737B846-5EC3-4809-BAE1-FBBCD743A34D}.Debug|Any CPU.Build.0 = Debug|Any CPU
		{E737B846-5EC3-4809-BAE1-FBBCD743A34D}.Release|Any CPU.ActiveCfg = Release|Any CPU
		{E737B846-5EC3-4809-BAE1-FBBCD743A34D}.Release|Any CPU.Build.0 = Release|Any CPU
		{6C3DEB7A-87F0-4BFF-9A1D-1CDBF9124B2A}.Debug|Any CPU.ActiveCfg = Debug|Any CPU
		{6C3DEB7A-87F0-4BFF-9A1D-1CDBF9124B2A}.Debug|Any CPU.Build.0 = Debug|Any CPU
		{6C3DEB7A-87F0-4BFF-9A1D-1CDBF9124B2A}.Release|Any CPU.ActiveCfg = Release|Any CPU
		{6C3DEB7A-87F0-4BFF-9A1D-1CDBF9124B2A}.Release|Any CPU.Build.0 = Release|Any CPU
		{C54DD7F0-09C5-4A8B-AF45-DB5DBACB1747}.Debug|Any CPU.ActiveCfg = Debug|Any CPU
		{C54DD7F0-09C5-4A8B-AF45-DB5DBACB1747}.Debug|Any CPU.Build.0 = Debug|Any CPU
		{C54DD7F0-09C5-4A8B-AF45-DB5DBACB1747}.Release|Any CPU.ActiveCfg = Release|Any CPU
		{C54DD7F0-09C5-4A8B-AF45-DB5DBACB1747}.Release|Any CPU.Build.0 = Release|Any CPU
		{DB149790-3BDB-4447-8A42-A4CDF5AD108B}.Debug|Any CPU.ActiveCfg = Debug|Any CPU
		{DB149790-3BDB-4447-8A42-A4CDF5AD108B}.Debug|Any CPU.Build.0 = Debug|Any CPU
		{DB149790-3BDB-4447-8A42-A4CDF5AD108B}.Release|Any CPU.ActiveCfg = Release|Any CPU
		{DB149790-3BDB-4447-8A42-A4CDF5AD108B}.Release|Any CPU.Build.0 = Release|Any CPU
		{22E05BEA-1C1E-4A9A-A761-D64E599D160F}.Debug|Any CPU.ActiveCfg = Debug|Any CPU
		{22E05BEA-1C1E-4A9A-A761-D64E599D160F}.Debug|Any CPU.Build.0 = Debug|Any CPU
		{22E05BEA-1C1E-4A9A-A761-D64E599D160F}.Release|Any CPU.ActiveCfg = Release|Any CPU
		{22E05BEA-1C1E-4A9A-A761-D64E599D160F}.Release|Any CPU.Build.0 = Release|Any CPU
		{D1793A77-B965-4816-A690-B021642FD258}.Debug|Any CPU.ActiveCfg = Debug|Any CPU
		{D1793A77-B965-4816-A690-B021642FD258}.Debug|Any CPU.Build.0 = Debug|Any CPU
		{D1793A77-B965-4816-A690-B021642FD258}.Release|Any CPU.ActiveCfg = Release|Any CPU
		{D1793A77-B965-4816-A690-B021642FD258}.Release|Any CPU.Build.0 = Release|Any CPU
		{D08CF54A-C426-49F5-B3E1-14C67EC54345}.Debug|Any CPU.ActiveCfg = Debug|Any CPU
		{D08CF54A-C426-49F5-B3E1-14C67EC54345}.Debug|Any CPU.Build.0 = Debug|Any CPU
		{D08CF54A-C426-49F5-B3E1-14C67EC54345}.Release|Any CPU.ActiveCfg = Release|Any CPU
		{D08CF54A-C426-49F5-B3E1-14C67EC54345}.Release|Any CPU.Build.0 = Release|Any CPU
		{43D0BE89-62FB-4072-BDC8-075029A4C414}.Debug|Any CPU.ActiveCfg = Debug|Any CPU
		{43D0BE89-62FB-4072-BDC8-075029A4C414}.Debug|Any CPU.Build.0 = Debug|Any CPU
		{43D0BE89-62FB-4072-BDC8-075029A4C414}.Release|Any CPU.ActiveCfg = Release|Any CPU
		{43D0BE89-62FB-4072-BDC8-075029A4C414}.Release|Any CPU.Build.0 = Release|Any CPU
		{6A5EA23F-9297-475F-980A-1B96FDC0F1DA}.Debug|Any CPU.ActiveCfg = Debug|Any CPU
		{6A5EA23F-9297-475F-980A-1B96FDC0F1DA}.Debug|Any CPU.Build.0 = Debug|Any CPU
		{6A5EA23F-9297-475F-980A-1B96FDC0F1DA}.Release|Any CPU.ActiveCfg = Release|Any CPU
		{6A5EA23F-9297-475F-980A-1B96FDC0F1DA}.Release|Any CPU.Build.0 = Release|Any CPU
		{CAD69AB7-27AD-4457-9571-41CF3EEE1428}.Debug|Any CPU.ActiveCfg = Debug|Any CPU
		{CAD69AB7-27AD-4457-9571-41CF3EEE1428}.Debug|Any CPU.Build.0 = Debug|Any CPU
		{CAD69AB7-27AD-4457-9571-41CF3EEE1428}.Release|Any CPU.ActiveCfg = Release|Any CPU
		{CAD69AB7-27AD-4457-9571-41CF3EEE1428}.Release|Any CPU.Build.0 = Release|Any CPU
		{21FD3FA7-26D2-4A4A-850E-BBEB23BFF154}.Debug|Any CPU.ActiveCfg = Debug|Any CPU
		{21FD3FA7-26D2-4A4A-850E-BBEB23BFF154}.Debug|Any CPU.Build.0 = Debug|Any CPU
		{21FD3FA7-26D2-4A4A-850E-BBEB23BFF154}.Release|Any CPU.ActiveCfg = Release|Any CPU
		{21FD3FA7-26D2-4A4A-850E-BBEB23BFF154}.Release|Any CPU.Build.0 = Release|Any CPU
		{05CD1B99-E886-414E-8D2D-D267F53E0656}.Debug|Any CPU.ActiveCfg = Debug|Any CPU
		{05CD1B99-E886-414E-8D2D-D267F53E0656}.Debug|Any CPU.Build.0 = Debug|Any CPU
		{05CD1B99-E886-414E-8D2D-D267F53E0656}.Release|Any CPU.ActiveCfg = Release|Any CPU
		{05CD1B99-E886-414E-8D2D-D267F53E0656}.Release|Any CPU.Build.0 = Release|Any CPU
		{C7D5E7CB-33CD-4228-A9DA-C83397175DB8}.Debug|Any CPU.ActiveCfg = Debug|Any CPU
		{C7D5E7CB-33CD-4228-A9DA-C83397175DB8}.Debug|Any CPU.Build.0 = Debug|Any CPU
		{C7D5E7CB-33CD-4228-A9DA-C83397175DB8}.Release|Any CPU.ActiveCfg = Release|Any CPU
		{C7D5E7CB-33CD-4228-A9DA-C83397175DB8}.Release|Any CPU.Build.0 = Release|Any CPU
	EndGlobalSection
	GlobalSection(SolutionProperties) = preSolution
		HideSolutionNode = FALSE
	EndGlobalSection
	GlobalSection(NestedProjects) = preSolution
		{51B436D4-7CE0-4155-B77B-7E4323423BC2} = {A0075059-5496-45ED-9076-6BFF5B8BA53B}
		{481F64C0-90E1-46EF-8734-86821C88BD53} = {A0075059-5496-45ED-9076-6BFF5B8BA53B}
		{99A7D23B-0F54-4D19-BDFB-212EFD5B5040} = {A0075059-5496-45ED-9076-6BFF5B8BA53B}
		{D6355DF0-0FD2-4C75-B1F9-83861625C5F0} = {A0075059-5496-45ED-9076-6BFF5B8BA53B}
		{6842AC5C-60AD-4D0E-9CB2-A2C3DC013A23} = {A0075059-5496-45ED-9076-6BFF5B8BA53B}
		{3D43DD76-D38F-4724-B81B-05A49563C06B} = {A0075059-5496-45ED-9076-6BFF5B8BA53B}
		{7C4EED94-35DE-4AB4-B60D-15E336E285D2} = {A0075059-5496-45ED-9076-6BFF5B8BA53B}
		{6BB14B16-8505-4CBF-A893-B4DFBCFE057E} = {A0075059-5496-45ED-9076-6BFF5B8BA53B}
		{1E3A7760-6852-44F3-B8E9-6E734EF6B897} = {A0075059-5496-45ED-9076-6BFF5B8BA53B}
		{3F774CE3-A19D-4CF8-8245-9224EB0451FD} = {A0075059-5496-45ED-9076-6BFF5B8BA53B}
		{685566AB-DAC8-4A9E-959A-21A9BDB729AD} = {A0075059-5496-45ED-9076-6BFF5B8BA53B}
		{8E6C6AB1-F4DA-424B-84E3-88F432B074D9} = {A0075059-5496-45ED-9076-6BFF5B8BA53B}
		{017542EB-28BE-4536-B37B-8026FAE3438A} = {A0075059-5496-45ED-9076-6BFF5B8BA53B}
		{6C4C33D3-5D36-4246-83A0-18B685487D9C} = {A0075059-5496-45ED-9076-6BFF5B8BA53B}
		{F88E7C26-6949-4CA0-AA0C-92DCE9BA399D} = {A0075059-5496-45ED-9076-6BFF5B8BA53B}
		{82D5130D-DD83-49AA-B7C1-211FAD37066D} = {A0075059-5496-45ED-9076-6BFF5B8BA53B}
		{1BA91657-0741-4AD7-85A4-D320FCC3C1EA} = {A0075059-5496-45ED-9076-6BFF5B8BA53B}
		{E737B846-5EC3-4809-BAE1-FBBCD743A34D} = {A0075059-5496-45ED-9076-6BFF5B8BA53B}
		{6C3DEB7A-87F0-4BFF-9A1D-1CDBF9124B2A} = {A0075059-5496-45ED-9076-6BFF5B8BA53B}
		{C54DD7F0-09C5-4A8B-AF45-DB5DBACB1747} = {D157E887-B69A-4CCA-8E61-ECBD4B5E34E7}
		{DB149790-3BDB-4447-8A42-A4CDF5AD108B} = {D157E887-B69A-4CCA-8E61-ECBD4B5E34E7}
		{22E05BEA-1C1E-4A9A-A761-D64E599D160F} = {D157E887-B69A-4CCA-8E61-ECBD4B5E34E7}
		{D1793A77-B965-4816-A690-B021642FD258} = {D157E887-B69A-4CCA-8E61-ECBD4B5E34E7}
		{D08CF54A-C426-49F5-B3E1-14C67EC54345} = {D157E887-B69A-4CCA-8E61-ECBD4B5E34E7}
		{43D0BE89-62FB-4072-BDC8-075029A4C414} = {D157E887-B69A-4CCA-8E61-ECBD4B5E34E7}
		{6A5EA23F-9297-475F-980A-1B96FDC0F1DA} = {D157E887-B69A-4CCA-8E61-ECBD4B5E34E7}
		{CAD69AB7-27AD-4457-9571-41CF3EEE1428} = {CC6B4C63-AB7C-4270-A1B1-38AB89CDE7A9}
		{21FD3FA7-26D2-4A4A-850E-BBEB23BFF154} = {CC6B4C63-AB7C-4270-A1B1-38AB89CDE7A9}
		{05CD1B99-E886-414E-8D2D-D267F53E0656} = {428DBB94-DF79-4844-B046-448DB552F34D}
		{C7D5E7CB-33CD-4228-A9DA-C83397175DB8} = {428DBB94-DF79-4844-B046-448DB552F34D}
	EndGlobalSection
	GlobalSection(ExtensibilityGlobals) = postSolution
		SolutionGuid = {CEDFC942-E6E4-4B45-9B88-B4D855168431}
	EndGlobalSection
EndGlobal
